
Microsoft Visual Studio Solution File, Format Version 12.00
# Visual Studio Version 17
VisualStudioVersion = 17.5.002.0
MinimumVisualStudioVersion = 10.0.40219.1
Project("{9A19103F-16F7-4668-BE54-9A1E7A4F7556}") = "DentalCare", "DentalCare.csproj", "{86F2CAC6-E3F2-428E-91AF-4A15B0200E64}"
EndProject
Global
	GlobalSection(SolutionConfigurationPlatforms) = preSolution
		Debug|Any CPU = Debug|Any CPU
		Release|Any CPU = Release|Any CPU
	EndGlobalSection
	GlobalSection(ProjectConfigurationPlatforms) = postSolution
		{86F2CAC6-E3F2-428E-91AF-4A15B0200E64}.Debug|Any CPU.ActiveCfg = Debug|Any CPU
		{86F2CAC6-E3F2-428E-91AF-4A15B0200E64}.Debug|Any CPU.Build.0 = Debug|Any CPU
		{86F2CAC6-E3F2-428E-91AF-4A15B0200E64}.Release|Any CPU.ActiveCfg = Release|Any CPU
		{86F2CAC6-E3F2-428E-91AF-4A15B0200E64}.Release|Any CPU.Build.0 = Release|Any CPU
	EndGlobalSection
	GlobalSection(SolutionProperties) = preSolution
		HideSolutionNode = FALSE
	EndGlobalSection
	GlobalSection(ExtensibilityGlobals) = postSolution
		SolutionGuid = {2350F41C-BBAD-4F3C-9BC3-1959726CC887}
	EndGlobalSection
EndGlobal
